
Microsoft Visual Studio Solution File, Format Version 12.00
# Visual Studio Version 17
VisualStudioVersion = 17.1.32319.34
MinimumVisualStudioVersion = 10.0.40219.1
Project("{FAE04EC0-301F-11D3-BF4B-00C04F79EFBC}") = "Teste", "Teste\Teste.csproj", "{10B8A222-3E6F-4E82-B94A-FA7AC13CBAC3}"
EndProject
Global
	GlobalSection(SolutionConfigurationPlatforms) = preSolution
		Debug|Any CPU = Debug|Any CPU
		Release|Any CPU = Release|Any CPU
	EndGlobalSection
	GlobalSection(ProjectConfigurationPlatforms) = postSolution
		{10B8A222-3E6F-4E82-B94A-FA7AC13CBAC3}.Debug|Any CPU.ActiveCfg = Debug|Any CPU
		{10B8A222-3E6F-4E82-B94A-FA7AC13CBAC3}.Debug|Any CPU.Build.0 = Debug|Any CPU
		{10B8A222-3E6F-4E82-B94A-FA7AC13CBAC3}.Release|Any CPU.ActiveCfg = Release|Any CPU
		{10B8A222-3E6F-4E82-B94A-FA7AC13CBAC3}.Release|Any CPU.Build.0 = Release|Any CPU
	EndGlobalSection
	GlobalSection(SolutionProperties) = preSolution
		HideSolutionNode = FALSE
	EndGlobalSection
	GlobalSection(ExtensibilityGlobals) = postSolution
		SolutionGuid = {7073573E-51C2-449F-905C-8FF8BDF83376}
	EndGlobalSection
EndGlobal
